
Microsoft Visual Studio Solution File, Format Version 12.00
# Visual Studio Version 17
VisualStudioVersion = 17.3.32929.385
MinimumVisualStudioVersion = 10.0.40219.1
Project("{FAE04EC0-301F-11D3-BF4B-00C04F79EFBC}") = "ŞifremiUnuttum", "ŞifremiUnuttum\ŞifremiUnuttum.csproj", "{D8C3E3B1-F8C0-4BA2-9AE6-34D18E05A367}"
EndProject
Global
	GlobalSection(SolutionConfigurationPlatforms) = preSolution
		Debug|Any CPU = Debug|Any CPU
		Release|Any CPU = Release|Any CPU
	EndGlobalSection
	GlobalSection(ProjectConfigurationPlatforms) = postSolution
		{D8C3E3B1-F8C0-4BA2-9AE6-34D18E05A367}.Debug|Any CPU.ActiveCfg = Debug|Any CPU
		{D8C3E3B1-F8C0-4BA2-9AE6-34D18E05A367}.Debug|Any CPU.Build.0 = Debug|Any CPU
		{D8C3E3B1-F8C0-4BA2-9AE6-34D18E05A367}.Release|Any CPU.ActiveCfg = Release|Any CPU
		{D8C3E3B1-F8C0-4BA2-9AE6-34D18E05A367}.Release|Any CPU.Build.0 = Release|Any CPU
	EndGlobalSection
	GlobalSection(SolutionProperties) = preSolution
		HideSolutionNode = FALSE
	EndGlobalSection
	GlobalSection(ExtensibilityGlobals) = postSolution
		SolutionGuid = {4C426C04-9D68-40C3-8D47-8B4B589D5110}
	EndGlobalSection
EndGlobal
